
Microsoft Visual Studio Solution File, Format Version 12.00
# Visual Studio Version 16
VisualStudioVersion = 16.0.30711.63
MinimumVisualStudioVersion = 10.0.40219.1
Project("{FAE04EC0-301F-11D3-BF4B-00C04F79EFBC}") = "TellahPhotoLibrary", "TellahPhotoLibrary\TellahPhotoLibrary.csproj", "{E9961317-68ED-4431-9970-6E509E58473F}"
EndProject
Project("{FAE04EC0-301F-11D3-BF4B-00C04F79EFBC}") = "TellahPhotoConsole", "TellahPhotoConsole\TellahPhotoConsole.csproj", "{BC26AA0D-DEA9-4714-902E-E7E945A5325A}"
EndProject
Global
	GlobalSection(SolutionConfigurationPlatforms) = preSolution
		Debug|Any CPU = Debug|Any CPU
		Release|Any CPU = Release|Any CPU
	EndGlobalSection
	GlobalSection(ProjectConfigurationPlatforms) = postSolution
		{E9961317-68ED-4431-9970-6E509E58473F}.Debug|Any CPU.ActiveCfg = Debug|Any CPU
		{E9961317-68ED-4431-9970-6E509E58473F}.Debug|Any CPU.Build.0 = Debug|Any CPU
		{E9961317-68ED-4431-9970-6E509E58473F}.Release|Any CPU.ActiveCfg = Release|Any CPU
		{E9961317-68ED-4431-9970-6E509E58473F}.Release|Any CPU.Build.0 = Release|Any CPU
		{BC26AA0D-DEA9-4714-902E-E7E945A5325A}.Debug|Any CPU.ActiveCfg = Debug|Any CPU
		{BC26AA0D-DEA9-4714-902E-E7E945A5325A}.Debug|Any CPU.Build.0 = Debug|Any CPU
		{BC26AA0D-DEA9-4714-902E-E7E945A5325A}.Release|Any CPU.ActiveCfg = Release|Any CPU
		{BC26AA0D-DEA9-4714-902E-E7E945A5325A}.Release|Any CPU.Build.0 = Release|Any CPU
	EndGlobalSection
	GlobalSection(SolutionProperties) = preSolution
		HideSolutionNode = FALSE
	EndGlobalSection
	GlobalSection(ExtensibilityGlobals) = postSolution
		SolutionGuid = {20E32CB5-038E-432F-8ABA-CEAACBE01751}
	EndGlobalSection
EndGlobal
